uuid: 45723c66-9f9b-41ba-9eca-e86c86cbfbdb
langcode: en
status: true
dependencies:
  module:
    - weather_api_entity
  theme:
    - b5subtheme
id: weatherapientityblock
theme: b5subtheme
region: header
weight: -20
provider: null
plugin: weather_api_entity_block
settings:
  id: weather_api_entity_block
  label: 'Weather Api Entity Block'
  label_display: '0'
  provider: weather_api_entity
  weather_entity: open_weather_map
visibility: {  }
